
Microsoft Visual Studio Solution File, Format Version 12.00
# Visual Studio Version 16
VisualStudioVersion = 16.0.30128.74
MinimumVisualStudioVersion = 10.0.40219.1
Project("{6989167D-11E4-40FE-8C1A-2192A86A7E90}") = "LibMain", "LibMain\LibMain.vfproj", "{863FD9CE-20D1-4FF1-873A-28FE748243B0}"
EndProject
Global
	GlobalSection(SolutionConfigurationPlatforms) = preSolution
		Debug|x86 = Debug|x86
		Release|x86 = Release|x86
	EndGlobalSection
	GlobalSection(ProjectConfigurationPlatforms) = postSolution
		{863FD9CE-20D1-4FF1-873A-28FE748243B0}.Debug|x86.ActiveCfg = Debug|Win32
		{863FD9CE-20D1-4FF1-873A-28FE748243B0}.Debug|x86.Build.0 = Debug|Win32
		{863FD9CE-20D1-4FF1-873A-28FE748243B0}.Release|x86.ActiveCfg = Release|Win32
		{863FD9CE-20D1-4FF1-873A-28FE748243B0}.Release|x86.Build.0 = Release|Win32
	EndGlobalSection
	GlobalSection(SolutionProperties) = preSolution
		HideSolutionNode = FALSE
	EndGlobalSection
	GlobalSection(ExtensibilityGlobals) = postSolution
		SolutionGuid = {5BEBA73C-AF75-4881-8D74-8582B4447B32}
	EndGlobalSection
EndGlobal
